{
  "name": "official-web-with-backend",
  "version": "1.0.0",
  "lockfileVersion": 1,
  "requires": true,
  "dependencies": {
    "domino": {
      "version": "2.1.5",
      "resolved": "https://r.cnpmjs.org/domino/download/domino-2.1.5.tgz",
      "integrity": "sha1-SqCOOV1JbEY8Ov7hzQ9xc/Y+rLU="
    }
  }
}
